{
    "version": 3,
    "terraform_version": "0.10.8",
    "serial": 3,
    "lineage": "cca393c0-1b6f-48a9-95bd-6d40b8e7128a",
    "modules": [
        {
            "path": [
                "root"
            ],
            "outputs": {},
            "resources": {
                "aws_s3_bucket.terraform_state": {
                    "type": "aws_s3_bucket",
                    "depends_on": [],
                    "primary": {
                        "id": "terraform-nanofile-state",
                        "attributes": {
                            "acceleration_status": "",
                            "acl": "private",
                            "arn": "arn:aws:s3:::terraform-nanofile-state",
                            "bucket": "terraform-nanofile-state",
                            "bucket_domain_name": "terraform-nanofile-state.s3.amazonaws.com",
                            "force_destroy": "false",
                            "hosted_zone_id": "Z7KQH4QJS55SO",
                            "id": "terraform-nanofile-state",
                            "logging.#": "0",
                            "region": "sa-east-1",
                            "request_payer": "BucketOwner",
                            "tags.%": "0",
                            "versioning.#": "1",
                            "versioning.0.enabled": "true",
                            "versioning.0.mfa_delete": "false",
                            "website.#": "0"
                        },
                        "meta": {},
                        "tainted": false
                    },
                    "deposed": [],
                    "provider": ""
                }
            },
            "depends_on": []
        }
    ]
}
